{
  "name": "IUT-Reserve",
  "lockfileVersion": 3,
  "requires": true,
  "packages": {
    "": {
      "dependencies": {
        "@syncfusion/ej2-angular-schedule": "^20.3.58",
        "angular-calendar-scheduler": "^14.2.0",
        "date-fns": "^2.29.3",
        "yarn": "^1.22.19"
      }
    },
    "node_modules/@angular/core": {
      "version": "15.0.3",
      "resolved": "https://registry.npmjs.org/@angular/core/-/core-15.0.3.tgz",
      "integrity": "sha512-tYQszxkk32RZkMA7Czv9l5apiDIsoqVO2taIuPKfesAcwsQ7z/x3JTu3JkwUnB9c9nq2c18wIzjzMs4iElxdVQ==",
      "peer": true,
      "dependencies": {
        "tslib": "^2.3.0"
      },
      "engines": {
        "node": "^14.20.0 || ^16.13.0 || >=18.10.0"
      },
      "peerDependencies": {
        "rxjs": "^6.5.3 || ^7.4.0",
        "zone.js": "~0.11.4 || ~0.12.0"
      }
    },
    "node_modules/@mattlewis92/dom-autoscroller": {
      "version": "2.4.2",
      "resolved": "https://registry.npmjs.org/@mattlewis92/dom-autoscroller/-/dom-autoscroller-2.4.2.tgz",
      "integrity": "sha512-YbrUWREPGEjE/FU6foXcAT1YbVwqD/jkYnY1dFb0o4AxtP3s4xKBthlELjndZih8uwsDWgQZx1eNskRNe2BgZQ==",
      "peer": true
    },
    "node_modules/@scarf/scarf": {
      "version": "1.1.1",
      "resolved": "https://registry.npmjs.org/@scarf/scarf/-/scarf-1.1.1.tgz",
      "integrity": "sha512-VGbKDbk1RFIaSmdVb0cNjjWJoRWRI/Weo23AjRCC2nryO0iAS8pzsToJfPVPtVs74WHw4L1UTADNdIYRLkirZQ==",
      "hasInstallScript": true,
      "peer": true
    },
    "node_modules/@syncfusion/ej2-angular-base": {
      "version": "20.3.56",
      "resolved": "https://registry.npmjs.org/@syncfusion/ej2-angular-base/-/ej2-angular-base-20.3.56.tgz",
      "integrity": "sha512-y3MkNEqRmrfLTHjkfBRZCeP+ICDO853mnGsb6oN2iR6bHajtq/v5DdtPlOPx9FoOmw6sXnidMHyMVUMWico+tQ==",
      "hasInstallScript": true,
      "dependencies": {
        "@syncfusion/ej2-base": "~20.3.56",
        "@syncfusion/ej2-icons": "~20.3.56",
        "core-js": "^3.4.8",
        "reflect-metadata": "^0.1.9",
        "rxjs": "^6.5.4",
        "rxjs-compat": "^6.5.4",
        "zone.js": "^0.10.2"
      }
    },
    "node_modules/@syncfusion/ej2-angular-base/node_modules/rxjs": {
      "version": "6.6.7",
      "resolved": "https://registry.npmjs.org/rxjs/-/rxjs-6.6.7.tgz",
      "integrity": "sha512-hTdwr+7yYNIT5n4AMYp85KA6yw2Va0FLa3Rguvbpa4W3I5xynaBZo41cM3XM+4Q6fRMj3sBYIR1VAmZMXYJvRQ==",
      "dependencies": {
        "tslib": "^1.9.0"
      },
      "engines": {
        "npm": ">=2.0.0"
      }
    },
    "node_modules/@syncfusion/ej2-angular-base/node_modules/tslib": {
      "version": "1.14.1",
      "resolved": "https://registry.npmjs.org/tslib/-/tslib-1.14.1.tgz",
      "integrity": "sha512-Xni35NKzjgMrwevysHTCArtLDpPvye8zV/0E4EyYn43P7/7qvQwPh9BGkHewbMulVntbigmcT7rdX3BNo9wRJg=="
    },
    "node_modules/@syncfusion/ej2-angular-base/node_modules/zone.js": {
      "version": "0.10.3",
      "resolved": "https://registry.npmjs.org/zone.js/-/zone.js-0.10.3.tgz",
      "integrity": "sha512-LXVLVEq0NNOqK/fLJo3d0kfzd4sxwn2/h67/02pjCjfKDxgx1i9QqpvtHD8CrBnSSwMw5+dy11O7FRX5mkO7Cg=="
    },
    "node_modules/@syncfusion/ej2-angular-schedule": {
      "version": "20.3.58",
      "resolved": "https://registry.npmjs.org/@syncfusion/ej2-angular-schedule/-/ej2-angular-schedule-20.3.58.tgz",
      "integrity": "sha512-uhGr49lRyLd0448FHtd44acIOEUDCYwz5FsKzOnIc0CcI+m9H1FTuoBaAoHU/N5OwouisOc9wXk/DtQ/I7m/vw==",
      "dependencies": {
        "@syncfusion/ej2-angular-base": "~20.3.56",
        "@syncfusion/ej2-base": "~20.3.56",
        "@syncfusion/ej2-schedule": "20.3.58",
        "tslib": "^2.3.0"
      }
    },
    "node_modules/@syncfusion/ej2-base": {
      "version": "20.3.56",
      "resolved": "https://registry.npmjs.org/@syncfusion/ej2-base/-/ej2-base-20.3.56.tgz",
      "integrity": "sha512-BeXX3XBOs1kv9/rki9f1kPuLbNJU06kJE8o0jLY62fEd/U5k2KkuG5Z/WbWHJIuQVH5dv57ZM2Adl3rG+vkvjg==",
      "dependencies": {
        "@syncfusion/ej2-icons": "~20.3.56"
      },
      "bin": {
        "syncfusion-license": "bin/syncfusion-license.js"
      }
    },
    "node_modules/@syncfusion/ej2-buttons": {
      "version": "20.3.58",
      "resolved": "https://registry.npmjs.org/@syncfusion/ej2-buttons/-/ej2-buttons-20.3.58.tgz",
      "integrity": "sha512-FfCdxr+2UD4TaznJu9389g6G9HNzakwq/gTiwyckNSUrMdSSDHLCqIv591HXV+XGoGNJ7Svmhj8kfHv3xoEuVQ==",
      "dependencies": {
        "@syncfusion/ej2-base": "~20.3.56"
      }
    },
    "node_modules/@syncfusion/ej2-calendars": {
      "version": "20.3.59",
      "resolved": "https://registry.npmjs.org/@syncfusion/ej2-calendars/-/ej2-calendars-20.3.59.tgz",
      "integrity": "sha512-qbvW2gUQtHaJP1JGq8KSW8juQYvYCph/DccWsTo0tzxXzdpV43Rqa4NTV1vQ3YbKU45BOr04aPwxepv5ELoRZQ==",
      "dependencies": {
        "@syncfusion/ej2-base": "~20.3.56",
        "@syncfusion/ej2-buttons": "~20.3.58",
        "@syncfusion/ej2-inputs": "~20.3.57",
        "@syncfusion/ej2-lists": "~20.3.56",
        "@syncfusion/ej2-popups": "~20.3.59"
      }
    },
    "node_modules/@syncfusion/ej2-compression": {
      "version": "20.3.56",
      "resolved": "https://registry.npmjs.org/@syncfusion/ej2-compression/-/ej2-compression-20.3.56.tgz",
      "integrity": "sha512-w/GAcaUlYhwwIpMCHG2p77vacM3FHYJP6Gy0Ha0lzkt2e30/aukeJO4MQUxViZLAe9lBYQnuIsWqSvZbZaa4BA==",
      "dependencies": {
        "@syncfusion/ej2-file-utils": "~20.3.56"
      }
    },
    "node_modules/@syncfusion/ej2-data": {
      "version": "20.3.60",
      "resolved": "https://registry.npmjs.org/@syncfusion/ej2-data/-/ej2-data-20.3.60.tgz",
      "integrity": "sha512-cbs5UnLENJOApNPRulS4HSkVZFND0RQ0SjzQ2YsHe7FyKNQAqZcZbigOZwn5DUidZ0jCQOHXqP8f50g6wE9IvA==",
      "dependencies": {
        "@syncfusion/ej2-base": "~20.3.56"
      }
    },
    "node_modules/@syncfusion/ej2-dropdowns": {
      "version": "20.3.60",
      "resolved": "https://registry.npmjs.org/@syncfusion/ej2-dropdowns/-/ej2-dropdowns-20.3.60.tgz",
      "integrity": "sha512-OOz0Pvzy9aPObvfbg6xEeNc7Oo8X7AqHL0XujWTXctXpeQoohY9ZGkRv1JONsaj+6aRIOlTafBCDeFp2RAqodg==",
      "dependencies": {
        "@syncfusion/ej2-base": "~20.3.56",
        "@syncfusion/ej2-data": "~20.3.60",
        "@syncfusion/ej2-inputs": "~20.3.57",
        "@syncfusion/ej2-lists": "~20.3.56",
        "@syncfusion/ej2-navigations": "~20.3.60",
        "@syncfusion/ej2-popups": "~20.3.60"
      }
    },
    "node_modules/@syncfusion/ej2-excel-export": {
      "version": "20.3.56",
      "resolved": "https://registry.npmjs.org/@syncfusion/ej2-excel-export/-/ej2-excel-export-20.3.56.tgz",
      "integrity": "sha512-qfgjRa2Fz4+qRwf6Sn+J+Ogltu98tEoIsrOnxXKD3rGb7PfAhUSqOyTyPZVQfPWtXqM7jIea5qDqilJqUJs0rw==",
      "dependencies": {
        "@syncfusion/ej2-base": "~20.3.56",
        "@syncfusion/ej2-compression": "~20.3.56"
      }
    },
    "node_modules/@syncfusion/ej2-file-utils": {
      "version": "20.3.56",
      "resolved": "https://registry.npmjs.org/@syncfusion/ej2-file-utils/-/ej2-file-utils-20.3.56.tgz",
      "integrity": "sha512-nyRfXfsdyP7XqWLGcqUSZI8oKZts4iYXZm8qLzyTN0jrJOcPqX3xVtVAFOpnaXo5IuT8/VOPyr7bt/CI0Yf2lg=="
    },
    "node_modules/@syncfusion/ej2-icons": {
      "version": "20.3.56",
      "resolved": "https://registry.npmjs.org/@syncfusion/ej2-icons/-/ej2-icons-20.3.56.tgz",
      "integrity": "sha512-sv5y/J85PZU8fmFNG1b5ftLroQHFicTKcfKo0oy72KSKxdLZ3xd1pjMS9/5m5z609doksIbFltlisO0buhzflA=="
    },
    "node_modules/@syncfusion/ej2-inputs": {
      "version": "20.3.57",
      "resolved": "https://registry.npmjs.org/@syncfusion/ej2-inputs/-/ej2-inputs-20.3.57.tgz",
      "integrity": "sha512-klzpmszCw1PxIc5HtqRxliNB53G4w9ac1Roo6+jzzgiTjgzM0ZTUrteJlicQLwHGWXzKD0qvtEF/lvqFhqJ9eQ==",
      "dependencies": {
        "@syncfusion/ej2-base": "~20.3.56",
        "@syncfusion/ej2-buttons": "~20.3.57",
        "@syncfusion/ej2-popups": "~20.3.57",
        "@syncfusion/ej2-splitbuttons": "~20.3.56"
      }
    },
    "node_modules/@syncfusion/ej2-lists": {
      "version": "20.3.56",
      "resolved": "https://registry.npmjs.org/@syncfusion/ej2-lists/-/ej2-lists-20.3.56.tgz",
      "integrity": "sha512-I7BizR/RANyxzwSV+tuJMwN5sK2GHi7tOZpiaIGE8b5sm6ygffR9cIniomDvt4lz4JhmBeBrTpzJbpj4XjbCFQ==",
      "dependencies": {
        "@syncfusion/ej2-base": "~20.3.56",
        "@syncfusion/ej2-buttons": "~20.3.56",
        "@syncfusion/ej2-data": "~20.3.56"
      }
    },
    "node_modules/@syncfusion/ej2-navigations": {
      "version": "20.3.60",
      "resolved": "https://registry.npmjs.org/@syncfusion/ej2-navigations/-/ej2-navigations-20.3.60.tgz",
      "integrity": "sha512-yM6tjnhogfG6XdjARHEzDGlQrUT5mJr8+4wyv5skrkJfOsdcjPVy13lobkXpd6EtefFfOmM7wXKMQc2FTKUrpw==",
      "dependencies": {
        "@syncfusion/ej2-base": "~20.3.56",
        "@syncfusion/ej2-buttons": "~20.3.58",
        "@syncfusion/ej2-data": "~20.3.60",
        "@syncfusion/ej2-inputs": "~20.3.57",
        "@syncfusion/ej2-lists": "~20.3.56",
        "@syncfusion/ej2-popups": "~20.3.60"
      }
    },
    "node_modules/@syncfusion/ej2-popups": {
      "version": "20.3.60",
      "resolved": "https://registry.npmjs.org/@syncfusion/ej2-popups/-/ej2-popups-20.3.60.tgz",
      "integrity": "sha512-nfvRAOFNY8SL9nmyCoCr6oALZJdTdzDxOZs3pZn4Q5mq67hKj1+tS2aJisiV8OBJ/TFMXh+YblaVyXL710waLg==",
      "dependencies": {
        "@syncfusion/ej2-base": "~20.3.56",
        "@syncfusion/ej2-buttons": "~20.3.58"
      }
    },
    "node_modules/@syncfusion/ej2-schedule": {
      "version": "20.3.58",
      "resolved": "https://registry.npmjs.org/@syncfusion/ej2-schedule/-/ej2-schedule-20.3.58.tgz",
      "integrity": "sha512-si1fErBpa0hnVio3Z6q4zA2UDJKDk5nXaEKik7U/vNeTM7ggDpG6tkEkXKWQD6P7bxSsHsldmZ+5Z/8sS3YhAA==",
      "dependencies": {
        "@syncfusion/ej2-base": "~20.3.56",
        "@syncfusion/ej2-buttons": "~20.3.58",
        "@syncfusion/ej2-calendars": "~20.3.56",
        "@syncfusion/ej2-data": "~20.3.56",
        "@syncfusion/ej2-dropdowns": "~20.3.58",
        "@syncfusion/ej2-excel-export": "~20.3.56",
        "@syncfusion/ej2-inputs": "~20.3.57",
        "@syncfusion/ej2-lists": "~20.3.56",
        "@syncfusion/ej2-navigations": "~20.3.58",
        "@syncfusion/ej2-popups": "~20.3.58"
      }
    },
    "node_modules/@syncfusion/ej2-splitbuttons": {
      "version": "20.3.56",
      "resolved": "https://registry.npmjs.org/@syncfusion/ej2-splitbuttons/-/ej2-splitbuttons-20.3.56.tgz",
      "integrity": "sha512-z0/j4CAaKu4YM3ggtcWm6ZDQjuE+wKp7sbC8iAXp1OM0WWrOYpB//SB5qV4jVuXajcsrImBlmrYsKR/XPt4Cuw==",
      "dependencies": {
        "@syncfusion/ej2-base": "~20.3.56",
        "@syncfusion/ej2-popups": "~20.3.56"
      }
    },
    "node_modules/angular-calendar": {
      "version": "0.30.1",
      "resolved": "https://registry.npmjs.org/angular-calendar/-/angular-calendar-0.30.1.tgz",
      "integrity": "sha512-QNDGmMzDH/Lx0WXya3mug+MYEpEAQHKlErB/ZpE5F1glChFmPuWCV4aLN6sqacMjZW1TybAJ/ES88B6LS7l8zw==",
      "peer": true,
      "dependencies": {
        "@scarf/scarf": "^1.1.1",
        "angular-draggable-droppable": "^7.0.0",
        "angular-resizable-element": "^6.0.0",
        "calendar-utils": "^0.10.1",
        "positioning": "^2.0.1",
        "tslib": "^2.4.0"
      },
      "funding": {
        "url": "https://github.com/sponsors/mattlewis92"
      },
      "peerDependencies": {
        "@angular/core": ">=14.0.0"
      }
    },
    "node_modules/angular-calendar-scheduler": {
      "version": "14.2.0",
      "resolved": "https://registry.npmjs.org/angular-calendar-scheduler/-/angular-calendar-scheduler-14.2.0.tgz",
      "integrity": "sha512-KZl7eiyfeuRmqEDw6rOdy2EpMSlKK4IjfBEUbhsFMxMeQgf75Ybh+VFJHw9g3bXEpIRRBz+tK0v+3oKyUr6tbQ==",
      "dependencies": {
        "tslib": "^2.3.0"
      },
      "peerDependencies": {
        "@angular/core": ">=14.0.0",
        "angular-calendar": "^0.30.1"
      }
    },
    "node_modules/angular-draggable-droppable": {
      "version": "7.0.0",
      "resolved": "https://registry.npmjs.org/angular-draggable-droppable/-/angular-draggable-droppable-7.0.0.tgz",
      "integrity": "sha512-XEtIx4hsByrwunKPHiqXRcqCPZlP2YF7ZXWgdoBIGiNVg0L/4xx8OcaKVeVsrOrKsN/t/IB4kJqeG45btUcSGA==",
      "peer": true,
      "dependencies": {
        "@mattlewis92/dom-autoscroller": "^2.4.2",
        "tslib": "^2.4.0"
      },
      "peerDependencies": {
        "@angular/core": ">=14.0.0"
      }
    },
    "node_modules/angular-resizable-element": {
      "version": "6.0.0",
      "resolved": "https://registry.npmjs.org/angular-resizable-element/-/angular-resizable-element-6.0.0.tgz",
      "integrity": "sha512-rZtL98JDiCg/sh4mPpcWOa64jGJvwkWHpc1abvvUckdQ/LAGF3QlwvWoaCGoYHGlcdrQFXUWCtSJgIrHxSATCg==",
      "peer": true,
      "dependencies": {
        "tslib": "^2.3.0"
      },
      "peerDependencies": {
        "@angular/core": ">=14.0.0"
      }
    },
    "node_modules/calendar-utils": {
      "version": "0.10.4",
      "resolved": "https://registry.npmjs.org/calendar-utils/-/calendar-utils-0.10.4.tgz",
      "integrity": "sha512-gBK4xCJ42yjaUKwuUha6cZOfxAmGzvSgbdAaX3xLRioeKbYoOK1x1qeD6dch72rsMZlTgATPbBBx42bnkStqgQ==",
      "peer": true
    },
    "node_modules/core-js": {
      "version": "3.26.1",
      "resolved": "https://registry.npmjs.org/core-js/-/core-js-3.26.1.tgz",
      "integrity": "sha512-21491RRQVzUn0GGM9Z1Jrpr6PNPxPi+Za8OM9q4tksTSnlbXXGKK1nXNg/QvwFYettXvSX6zWKCtHHfjN4puyA==",
      "hasInstallScript": true,
      "funding": {
        "type": "opencollective",
        "url": "https://opencollective.com/core-js"
      }
    },
    "node_modules/date-fns": {
      "version": "2.29.3",
      "resolved": "https://registry.npmjs.org/date-fns/-/date-fns-2.29.3.tgz",
      "integrity": "sha512-dDCnyH2WnnKusqvZZ6+jA1O51Ibt8ZMRNkDZdyAyK4YfbDwa/cEmuztzG5pk6hqlp9aSBPYcjOlktquahGwGeA==",
      "engines": {
        "node": ">=0.11"
      },
      "funding": {
        "type": "opencollective",
        "url": "https://opencollective.com/date-fns"
      }
    },
    "node_modules/positioning": {
      "version": "2.0.1",
      "resolved": "https://registry.npmjs.org/positioning/-/positioning-2.0.1.tgz",
      "integrity": "sha512-DsAgM42kV/ObuwlRpAzDTjH9E8fGKkMDJHWFX+kfNXSxh7UCCQxEmdjv/Ws5Ft1XDnt3JT8fIDYeKNSE2TbttA==",
      "peer": true
    },
    "node_modules/reflect-metadata": {
      "version": "0.1.13",
      "resolved": "https://registry.npmjs.org/reflect-metadata/-/reflect-metadata-0.1.13.tgz",
      "integrity": "sha512-Ts1Y/anZELhSsjMcU605fU9RE4Oi3p5ORujwbIKXfWa+0Zxs510Qrmrce5/Jowq3cHSZSJqBjypxmHarc+vEWg=="
    },
    "node_modules/rxjs": {
      "version": "7.6.0",
      "resolved": "https://registry.npmjs.org/rxjs/-/rxjs-7.6.0.tgz",
      "integrity": "sha512-DDa7d8TFNUalGC9VqXvQ1euWNN7sc63TrUCuM9J998+ViviahMIjKSOU7rfcgFOF+FCD71BhDRv4hrFz+ImDLQ==",
      "peer": true,
      "dependencies": {
        "tslib": "^2.1.0"
      }
    },
    "node_modules/rxjs-compat": {
      "version": "6.6.7",
      "resolved": "https://registry.npmjs.org/rxjs-compat/-/rxjs-compat-6.6.7.tgz",
      "integrity": "sha512-szN4fK+TqBPOFBcBcsR0g2cmTTUF/vaFEOZNuSdfU8/pGFnNmmn2u8SystYXG1QMrjOPBc6XTKHMVfENDf6hHw=="
    },
    "node_modules/tslib": {
      "version": "2.4.1",
      "resolved": "https://registry.npmjs.org/tslib/-/tslib-2.4.1.tgz",
      "integrity": "sha512-tGyy4dAjRIEwI7BzsB0lynWgOpfqjUdq91XXAlIWD2OwKBH7oCl/GZG/HT4BOHrTlPMOASlMQ7veyTqpmRcrNA=="
    },
    "node_modules/yarn": {
      "version": "1.22.19",
      "resolved": "https://registry.npmjs.org/yarn/-/yarn-1.22.19.tgz",
      "integrity": "sha512-/0V5q0WbslqnwP91tirOvldvYISzaqhClxzyUKXYxs07yUILIs5jx/k6CFe8bvKSkds5w+eiOqta39Wk3WxdcQ==",
      "hasInstallScript": true,
      "bin": {
        "yarn": "bin/yarn.js",
        "yarnpkg": "bin/yarn.js"
      },
      "engines": {
        "node": ">=4.0.0"
      }
    },
    "node_modules/zone.js": {
      "version": "0.12.0",
      "resolved": "https://registry.npmjs.org/zone.js/-/zone.js-0.12.0.tgz",
      "integrity": "sha512-XtC+I5dXU14HrzidAKBNMqneIVUykLEAA1x+v4KVrd6AUPWlwYORF8KgsVqvgdHiKZ4BkxxjvYi/ksEixTPR0Q==",
      "peer": true,
      "dependencies": {
        "tslib": "^2.3.0"
      }
    }
  }
}
